// !$*UTF8*$!
{
	archiveVersion = 1;
	classes = {
	};
	objectVersion = 48;
	objects = {

/* Begin PBXBuildFile section */
		3B1D82201FA2A17800041B01 /* AppDelegate.swift in Sources */ = {isa = PBXBuildFile; fileRef = 3B1D821F1FA2A17800041B01 /* AppDelegate.swift */; };
		3B1D82221FA2A17800041B01 /* ViewController.swift in Sources */ = {isa = PBXBuildFile; fileRef = 3B1D82211FA2A17800041B01 /* ViewController.swift */; };
		3B1D82251FA2A17800041B01 /* Main.storyboard in Resources */ = {isa = PBXBuildFile; fileRef = 3B1D82231FA2A17800041B01 /* Main.storyboard */; };
		3B1D82271FA2A17800041B01 /* Assets.xcassets in Resources */ = {isa = PBXBuildFile; fileRef = 3B1D82261FA2A17800041B01 /* Assets.xcassets */; };
		3B1D822A1FA2A17800041B01 /* LaunchScreen.storyboard in Resources */ = {isa = PBXBuildFile; fileRef = 3B1D82281FA2A17800041B01 /* LaunchScreen.storyboard */; };
		3B1D82351FA2A17800041B01 /* CustumCellTests.swift in Sources */ = {isa = PBXBuildFile; fileRef = 3B1D82341FA2A17800041B01 /* CustumCellTests.swift */; };
/* End PBXBuildFile section */

/* Begin PBXContainerItemProxy section */
		3B1D82311FA2A17800041B01 /* PBXContainerItemProxy */ = {
			isa = PBXContainerItemProxy;
			containerPortal = 3B1D82141FA2A17800041B01 /* Project object */;
			proxyType = 1;
			remoteGlobalIDString = 3B1D821B1FA2A17800041B01;
			remoteInfo = CustumCell;
		};
/* End PBXContainerItemProxy section */

/* Begin PBXFileReference section */
		3B1D821C1FA2A17800041B01 /* CustumCell.app */ = {isa = PBXFileReference; explicitFileType = wrapper.application; includeInIndex = 0; path = CustumCell.app; sourceTree = BUILT_PRODUCTS_DIR; };
		3B1D821F1FA2A17800041B01 /* AppDelegate.swift */ = {isa = PBXFileReference; lastKnownFileType = sourcecode.swift; path = AppDelegate.swift; sourceTree = "<group>"; };
		3B1D82211FA2A17800041B01 /* ViewController.swift */ = {isa = PBXFileReference; lastKnownFileType = sourcecode.swift; path = ViewController.swift; sourceTree = "<group>"; };
		3B1D82241FA2A17800041B01 /* Base */ = {isa = PBXFileReference; lastKnownFileType = file.storyboard; name = Base; path = Base.lproj/Main.storyboard; sourceTree = "<group>"; };
		3B1D82261FA2A17800041B01 /* Assets.xcassets */ = {isa = PBXFileReference; lastKnownFileType = folder.assetcatalog; path = Assets.xcassets; sourceTree = "<group>"; };
		3B1D82291FA2A17800041B01 /* Base */ = {isa = PBXFileReference; lastKnownFileType = file.storyboard; name = Base; path = Base.lproj/LaunchScreen.storyboard; sourceTree = "<group>"; };
		3B1D822B1FA2A17800041B01 /* Info.plist */ = {isa = PBXFileReference; lastKnownFileType = text.plist.xml; path = Info.plist; sourceTree = "<group>"; };
		3B1D82301FA2A17800041B01 /* CustumCellTests.xctest */ = {isa = PBXFileReference; explicitFileType = wrapper.cfbundle; includeInIndex = 0; path = CustumCellTests.xctest; sourceTree = BUILT_PRODUCTS_DIR; };
		3B1D82341FA2A17800041B01 /* CustumCellTests.swift */ = {isa = PBXFileReference; lastKnownFileType = sourcecode.swift; path = CustumCellTests.swift; sourceTree = "<group>"; };
		3B1D82361FA2A17800041B01 /* Info.plist */ = {isa = PBXFileReference; lastKnownFileType = text.plist.xml; path = Info.plist; sourceTree = "<group>"; };
/* End PBXFileReference section */

/* Begin PBXFrameworksBuildPhase section */
		3B1D82191FA2A17800041B01 /* Frameworks */ = {
			isa = PBXFrameworksBuildPhase;
			buildActionMask = 2147483647;
			files = (
			);
			runOnlyForDeploymentPostprocessing = 0;
		};
		3B1D822D1FA2A17800041B01 /* Frameworks */ = {
			isa = PBXFrameworksBuildPhase;
			buildActionMask = 2147483647;
			files = (
			);
			runOnlyForDeploymentPostprocessing = 0;
		};
/* End PBXFrameworksBuildPhase section */

/* Begin PBXGroup section */
		3B1D82131FA2A17800041B01 = {
			isa = PBXGroup;
			children = (
				3B1D821E1FA2A17800041B01 /* CustumCell */,
				3B1D82331FA2A17800041B01 /* CustumCellTests */,
				3B1D821D1FA2A17800041B01 /* Products */,
			);
			sourceTree = "<group>";
		};
		3B1D821D1FA2A17800041B01 /* Products */ = {
			isa = PBXGroup;
			children = (
				3B1D821C1FA2A17800041B01 /* CustumCell.app */,
				3B1D82301FA2A17800041B01 /* CustumCellTests.xctest */,
			);
			name = Products;
			sourceTree = "<group>";
		};
		3B1D821E1FA2A17800041B01 /* CustumCell */ = {
			isa = PBXGroup;
			children = (
				3B1D821F1FA2A17800041B01 /* AppDelegate.swift */,
				3B1D82211FA2A17800041B01 /* ViewController.swift */,
				3B1D82231FA2A17800041B01 /* Main.storyboard */,
				3B1D82261FA2A17800041B01 /* Assets.xcassets */,
				3B1D82281FA2A17800041B01 /* LaunchScreen.storyboard */,
				3B1D822B1FA2A17800041B01 /* Info.plist */,
			);
			path = CustumCell;
			sourceTree = "<group>";
		};
		3B1D82331FA2A17800041B01 /* CustumCellTests */ = {
			isa = PBXGroup;
			children = (
				3B1D82341FA2A17800041B01 /* CustumCellTests.swift */,
				3B1D82361FA2A17800041B01 /* Info.plist */,
			);
			path = CustumCellTests;
			sourceTree = "<group>";
		};
/* End PBXGroup section */

/* Begin PBXNativeTarget section */
		3B1D821B1FA2A17800041B01 /* CustumCell */ = {
			isa = PBXNativeTarget;
			buildConfigurationList = 3B1D82391FA2A17800041B01 /* Build configuration list for PBXNativeTarget "CustumCell" */;
			buildPhases = (
				3B1D82181FA2A17800041B01 /* Sources */,
				3B1D82191FA2A17800041B01 /* Frameworks */,
				3B1D821A1FA2A17800041B01 /* Resources */,
			);
			buildRules = (
			);
			dependencies = (
			);
			name = CustumCell;
			productName = CustumCell;
			productReference = 3B1D821C1FA2A17800041B01 /* CustumCell.app */;
			productType = "com.apple.product-type.application";
		};
		3B1D822F1FA2A17800041B01 /* CustumCellTests */ = {
			isa = PBXNativeTarget;
			buildConfigurationList = 3B1D823C1FA2A17800041B01 /* Build configuration list for PBXNativeTarget "CustumCellTests" */;
			buildPhases = (
				3B1D822C1FA2A17800041B01 /* Sources */,
				3B1D822D1FA2A17800041B01 /* Frameworks */,
				3B1D822E1FA2A17800041B01 /* Resources */,
			);
			buildRules = (
			);
			dependencies = (
				3B1D82321FA2A17800041B01 /* PBXTargetDependency */,
			);
			name = CustumCellTests;
			productName = CustumCellTests;
			productReference = 3B1D82301FA2A17800041B01 /* CustumCellTests.xctest */;
			productType = "com.apple.product-type.bundle.unit-test";
		};
/* End PBXNativeTarget section */

/* Begin PBXProject section */
		3B1D82141FA2A17800041B01 /* Project object */ = {
			isa = PBXProject;
			attributes = {
				LastSwiftUpdateCheck = 0900;
				LastUpgradeCheck = 0900;
				ORGANIZATIONNAME = Luyen;
				TargetAttributes = {
					3B1D821B1FA2A17800041B01 = {
						CreatedOnToolsVersion = 9.0;
						ProvisioningStyle = Automatic;
					};
					3B1D822F1FA2A17800041B01 = {
						CreatedOnToolsVersion = 9.0;
						ProvisioningStyle = Automatic;
						TestTargetID = 3B1D821B1FA2A17800041B01;
					};
				};
			};
			buildConfigurationList = 3B1D82171FA2A17800041B01 /* Build configuration list for PBXProject "CustumCell" */;
			compatibilityVersion = "Xcode 8.0";
			developmentRegion = en;
			hasScannedForEncodings = 0;
			knownRegions = (
				en,
				Base,
			);
			mainGroup = 3B1D82131FA2A17800041B01;
			productRefGroup = 3B1D821D1FA2A17800041B01 /* Products */;
			projectDirPath = "";
			projectRoot = "";
			targets = (
				3B1D821B1FA2A17800041B01 /* CustumCell */,
				3B1D822F1FA2A17800041B01 /* CustumCellTests */,
			);
		};
/* End PBXProject section */

/* Begin PBXResourcesBuildPhase section */
		3B1D821A1FA2A17800041B01 /* Resources */ = {
			isa = PBXResourcesBuildPhase;
			buildActionMask = 2147483647;
			files = (
				3B1D822A1FA2A17800041B01 /* LaunchScreen.storyboard in Resources */,
				3B1D82271FA2A17800041B01 /* Assets.xcassets in Resources */,
				3B1D82251FA2A17800041B01 /* Main.storyboard in Resources */,
			);
			runOnlyForDeploymentPostprocessing = 0;
		};
		3B1D822E1FA2A17800041B01 /* Resources */ = {
			isa = PBXResourcesBuildPhase;
			buildActionMask = 2147483647;
			files = (
			);
			runOnlyForDeploymentPostprocessing = 0;
		};
/* End PBXResourcesBuildPhase section */

/* Begin PBXSourcesBuildPhase section */
		3B1D82181FA2A17800041B01 /* Sources */ = {
			isa = PBXSourcesBuildPhase;
			buildActionMask = 2147483647;
			files = (
				3B1D82221FA2A17800041B01 /* ViewController.swift in Sources */,
				3B1D82201FA2A17800041B01 /* AppDelegate.swift in Sources */,
			);
			runOnlyForDeploymentPostprocessing = 0;
		};
		3B1D822C1FA2A17800041B01 /* Sources */ = {
			isa = PBXSourcesBuildPhase;
			buildActionMask = 2147483647;
			files = (
				3B1D82351FA2A17800041B01 /* CustumCellTests.swift in Sources */,
			);
			runOnlyForDeploymentPostprocessing = 0;
		};
/* End PBXSourcesBuildPhase section */

/* Begin PBXTargetDependency section */
		3B1D82321FA2A17800041B01 /* PBXTargetDependency */ = {
			isa = PBXTargetDependency;
			target = 3B1D821B1FA2A17800041B01 /* CustumCell */;
			targetProxy = 3B1D82311FA2A17800041B01 /* PBXContainerItemProxy */;
		};
/* End PBXTargetDependency section */

/* Begin PBXVariantGroup section */
		3B1D82231FA2A17800041B01 /* Main.storyboard */ = {
			isa = PBXVariantGroup;
			children = (
				3B1D82241FA2A17800041B01 /* Base */,
			);
			name = Main.storyboard;
			sourceTree = "<group>";
		};
		3B1D82281FA2A17800041B01 /* LaunchScreen.storyboard */ = {
			isa = PBXVariantGroup;
			children = (
				3B1D82291FA2A17800041B01 /* Base */,
			);
			name = LaunchScreen.storyboard;
			sourceTree = "<group>";
		};
/* End PBXVariantGroup section */

/* Begin XCBuildConfiguration section */
		3B1D82371FA2A17800041B01 /* Debug */ = {
			isa = XCBuildConfiguration;
			buildSettings = {
				ALWAYS_SEARCH_USER_PATHS = NO;
				CLANG_ANALYZER_NONNULL = YES;
				CLANG_ANALYZER_NUMBER_OBJECT_CONVERSION = YES_AGGRESSIVE;
				CLANG_CXX_LANGUAGE_STANDARD = "gnu++14";
				CLANG_CXX_LIBRARY = "libc++";
				CLANG_ENABLE_MODULES = YES;
				CLANG_ENABLE_OBJC_ARC = YES;
				CLANG_WARN_BLOCK_CAPTURE_AUTORELEASING = YES;
				CLANG_WARN_BOOL_CONVERSION = YES;
				CLANG_WARN_COMMA = YES;
				CLANG_WARN_CONSTANT_CONVERSION = YES;
				CLANG_WARN_DIRECT_OBJC_ISA_USAGE = YES_ERROR;
				CLANG_WARN_DOCUMENTATION_COMMENTS = YES;
				CLANG_WARN_EMPTY_BODY = YES;
				CLANG_WARN_ENUM_CONVERSION = YES;
				CLANG_WARN_INFINITE_RECURSION = YES;
				CLANG_WARN_INT_CONVERSION = YES;
				CLANG_WARN_NON_LITERAL_NULL_CONVERSION = YES;
				CLANG_WARN_OBJC_LITERAL_CONVERSION = YES;
				CLANG_WARN_OBJC_ROOT_CLASS = YES_ERROR;
				CLANG_WARN_RANGE_LOOP_ANALYSIS = YES;
				CLANG_WARN_STRICT_PROTOTYPES = YES;
				CLANG_WARN_SUSPICIOUS_MOVE = YES;
				CLANG_WARN_UNGUARDED_AVAILABILITY = YES_AGGRESSIVE;
				CLANG_WARN_UNREACHABLE_CODE = YES;
				CLANG_WARN__DUPLICATE_METHOD_MATCH = YES;
				CODE_SIGN_IDENTITY = "iPhone Developer";
				COPY_PHASE_STRIP = NO;
				DEBUG_INFORMATION_FORMAT = dwarf;
				ENABLE_STRICT_OBJC_MSGSEND = YES;
				ENABLE_TESTABILITY = YES;
				GCC_C_LANGUAGE_STANDARD = gnu11;
				GCC_DYNAMIC_NO_PIC = NO;
				GCC_NO_COMMON_BLOCKS = YES;
				GCC_OPTIMIZATION_LEVEL = 0;
				GCC_PREPROCESSOR_DEFINITIONS = (
					"DEBUG=1",
					"$(inherited)",
				);
				GCC_WARN_64_TO_32_BIT_CONVERSION = YES;
				GCC_WARN_ABOUT_RETURN_TYPE = YES_ERROR;
				GCC_WARN_UNDECLARED_SELECTOR = YES;
				GCC_WARN_UNINITIALIZED_AUTOS = YES_AGGRESSIVE;
				GCC_WARN_UNUSED_FUNCTION = YES;
				GCC_WARN_UNUSED_VARIABLE = YES;
				IPHONEOS_DEPLOYMENT_TARGET = 11.0;
				MTL_ENABLE_DEBUG_INFO = YES;
				ONLY_ACTIVE_ARCH = YES;
				SDKROOT = iphoneos;
				SWIFT_ACTIVE_COMPILATION_CONDITIONS = DEBUG;
				SWIFT_OPTIMIZATION_LEVEL = "-Onone";
			};
			name = Debug;
		};
		3B1D82381FA2A17800041B01 /* Release */ = {
			isa = XCBuildConfiguration;
			buildSettings = {
				ALWAYS_SEARCH_USER_PATHS = NO;
				CLANG_ANALYZER_NONNULL = YES;
				CLANG_ANALYZER_NUMBER_OBJECT_CONVERSION = YES_AGGRESSIVE;
				CLANG_CXX_LANGUAGE_STANDARD = "gnu++14";
				CLANG_CXX_LIBRARY = "libc++";
				CLANG_ENABLE_MODULES = YES;
				CLANG_ENABLE_OBJC_ARC = YES;
				CLANG_WARN_BLOCK_CAPTURE_AUTORELEASING = YES;
				CLANG_WARN_BOOL_CONVERSION = YES;
				CLANG_WARN_COMMA = YES;
				CLANG_WARN_CONSTANT_CONVERSION = YES;
				CLANG_WARN_DIRECT_OBJC_ISA_USAGE = YES_ERROR;
				CLANG_WARN_DOCUMENTATION_COMMENTS = YES;
				CLANG_WARN_EMPTY_BODY = YES;
				CLANG_WARN_ENUM_CONVERSION = YES;
				CLANG_WARN_INFINITE_RECURSION = YES;
				CLANG_WARN_INT_CONVERSION = YES;
				CLANG_WARN_NON_LITERAL_NULL_CONVERSION = YES;
				CLANG_WARN_OBJC_LITERAL_CONVERSION = YES;
				CLANG_WARN_OBJC_ROOT_CLASS = YES_ERROR;
				CLANG_WARN_RANGE_LOOP_ANALYSIS = YES;
				CLANG_WARN_STRICT_PROTOTYPES = YES;
				CLANG_WARN_SUSPICIOUS_MOVE = YES;
				CLANG_WARN_UNGUARDED_AVAILABILITY = YES_AGGRESSIVE;
				CLANG_WARN_UNREACHABLE_CODE = YES;
				CLANG_WARN__DUPLICATE_METHOD_MATCH = YES;
				CODE_SIGN_IDENTITY = "iPhone Developer";
				COPY_PHASE_STRIP = NO;
				DEBUG_INFORMATION_FORMAT = "dwarf-with-dsym";
				ENABLE_NS_ASSERTIONS = NO;
				ENABLE_STRICT_OBJC_MSGSEND = YES;
				GCC_C_LANGUAGE_STANDARD = gnu11;
				GCC_NO_COMMON_BLOCKS = YES;
				GCC_WARN_64_TO_32_BIT_CONVERSION = YES;
				GCC_WARN_ABOUT_RETURN_TYPE = YES_ERROR;
				GCC_WARN_UNDECLARED_SELECTOR = YES;
				GCC_WARN_UNINITIALIZED_AUTOS = YES_AGGRESSIVE;
				GCC_WARN_UNUSED_FUNCTION = YES;
				GCC_WARN_UNUSED_VARIABLE = YES;
				IPHONEOS_DEPLOYMENT_TARGET = 11.0;
				MTL_ENABLE_DEBUG_INFO = NO;
				SDKROOT = iphoneos;
				SWIFT_OPTIMIZATION_LEVEL = "-Owholemodule";
				VALIDATE_PRODUCT = YES;
			};
			name = Release;
		};
		3B1D823A1FA2A17800041B01 /* Debug */ = {
			isa = XCBuildConfiguration;
			buildSettings = {
				ASSETCATALOG_COMPILER_APPICON_NAME = AppIcon;
				CODE_SIGN_STYLE = Automatic;
				INFOPLIST_FILE = CustumCell/Info.plist;
				LD_RUNPATH_SEARCH_PATHS = "$(inherited) @executable_path/Frameworks";
				PRODUCT_BUNDLE_IDENTIFIER = luyen.CustumCell;
				PRODUCT_NAME = "$(TARGET_NAME)";
				SWIFT_VERSION = 4.0;
				TARGETED_DEVICE_FAMILY = "1,2";
			};
			name = Debug;
		};
		3B1D823B1FA2A17800041B01 /* Release */ = {
			isa = XCBuildConfiguration;
			buildSettings = {
				ASSETCATALOG_COMPILER_APPICON_NAME = AppIcon;
				CODE_SIGN_STYLE = Automatic;
				INFOPLIST_FILE = CustumCell/Info.plist;
				LD_RUNPATH_SEARCH_PATHS = "$(inherited) @executable_path/Frameworks";
				PRODUCT_BUNDLE_IDENTIFIER = luyen.CustumCell;
				PRODUCT_NAME = "$(TARGET_NAME)";
				SWIFT_VERSION = 4.0;
				TARGETED_DEVICE_FAMILY = "1,2";
			};
			name = Release;
		};
		3B1D823D1FA2A17800041B01 /* Debug */ = {
			isa = XCBuildConfiguration;
			buildSettings = {
				ALWAYS_EMBED_SWIFT_STANDARD_LIBRARIES = YES;
				BUNDLE_LOADER = "$(TEST_HOST)";
				CODE_SIGN_STYLE = Automatic;
				INFOPLIST_FILE = CustumCellTests/Info.plist;
				LD_RUNPATH_SEARCH_PATHS = "$(inherited) @executable_path/Frameworks @loader_path/Frameworks";
				PRODUCT_BUNDLE_IDENTIFIER = luyen.CustumCellTests;
				PRODUCT_NAME = "$(TARGET_NAME)";
				SWIFT_VERSION = 4.0;
				TARGETED_DEVICE_FAMILY = "1,2";
				TEST_HOST = "$(BUILT_PRODUCTS_DIR)/CustumCell.app/CustumCell";
			};
			name = Debug;
		};
		3B1D823E1FA2A17800041B01 /* Release */ = {
			isa = XCBuildConfiguration;
			buildSettings = {
				ALWAYS_EMBED_SWIFT_STANDARD_LIBRARIES = YES;
				BUNDLE_LOADER = "$(TEST_HOST)";
				CODE_SIGN_STYLE = Automatic;
				INFOPLIST_FILE = CustumCellTests/Info.plist;
				LD_RUNPATH_SEARCH_PATHS = "$(inherited) @executable_path/Frameworks @loader_path/Frameworks";
				PRODUCT_BUNDLE_IDENTIFIER = luyen.CustumCellTests;
				PRODUCT_NAME = "$(TARGET_NAME)";
				SWIFT_VERSION = 4.0;
				TARGETED_DEVICE_FAMILY = "1,2";
				TEST_HOST = "$(BUILT_PRODUCTS_DIR)/CustumCell.app/CustumCell";
			};
			name = Release;
		};
/* End XCBuildConfiguration section */

/* Begin XCConfigurationList section */
		3B1D82171FA2A17800041B01 /* Build configuration list for PBXProject "CustumCell" */ = {
			isa = XCConfigurationList;
			buildConfigurations = (
				3B1D82371FA2A17800041B01 /* Debug */,
				3B1D82381FA2A17800041B01 /* Release */,
			);
			defaultConfigurationIsVisible = 0;
			defaultConfigurationName = Release;
		};
		3B1D82391FA2A17800041B01 /* Build configuration list for PBXNativeTarget "CustumCell" */ = {
			isa = XCConfigurationList;
			buildConfigurations = (
				3B1D823A1FA2A17800041B01 /* Debug */,
				3B1D823B1FA2A17800041B01 /* Release */,
			);
			defaultConfigurationIsVisible = 0;
			defaultConfigurationName = Release;
		};
		3B1D823C1FA2A17800041B01 /* Build configuration list for PBXNativeTarget "CustumCellTests" */ = {
			isa = XCConfigurationList;
			buildConfigurations = (
				3B1D823D1FA2A17800041B01 /* Debug */,
				3B1D823E1FA2A17800041B01 /* Release */,
			);
			defaultConfigurationIsVisible = 0;
			defaultConfigurationName = Release;
		};
/* End XCConfigurationList section */
	};
	rootObject = 3B1D82141FA2A17800041B01 /* Project object */;
}
